
Microsoft Visual Studio Solution File, Format Version 12.00
# Visual Studio Version 16
VisualStudioVersion = 16.0.29521.150
MinimumVisualStudioVersion = 10.0.40219.1
Project("{FAE04EC0-301F-11D3-BF4B-00C04F79EFBC}") = "Tereza-Konstari_Sec003_COMP123_02", "Tereza-Konstari_Sec003_COMP123_02\Tereza-Konstari_Sec003_COMP123_02.csproj", "{68B1E093-1BF8-42EF-8DEF-65FC58788A93}"
EndProject
Global
	GlobalSection(SolutionConfigurationPlatforms) = preSolution
		Debug|Any CPU = Debug|Any CPU
		Release|Any CPU = Release|Any CPU
	EndGlobalSection
	GlobalSection(ProjectConfigurationPlatforms) = postSolution
		{68B1E093-1BF8-42EF-8DEF-65FC58788A93}.Debug|Any CPU.ActiveCfg = Debug|Any CPU
		{68B1E093-1BF8-42EF-8DEF-65FC58788A93}.Debug|Any CPU.Build.0 = Debug|Any CPU
		{68B1E093-1BF8-42EF-8DEF-65FC58788A93}.Release|Any CPU.ActiveCfg = Release|Any CPU
		{68B1E093-1BF8-42EF-8DEF-65FC58788A93}.Release|Any CPU.Build.0 = Release|Any CPU
	EndGlobalSection
	GlobalSection(SolutionProperties) = preSolution
		HideSolutionNode = FALSE
	EndGlobalSection
	GlobalSection(ExtensibilityGlobals) = postSolution
		SolutionGuid = {BB1887A6-0210-475A-89E8-55C773387DB6}
	EndGlobalSection
EndGlobal
