
Microsoft Visual Studio Solution File, Format Version 12.00
# Visual Studio Version 16
VisualStudioVersion = 16.0.29521.150
MinimumVisualStudioVersion = 10.0.40219.1
Project("{FAE04EC0-301F-11D3-BF4B-00C04F79EFBC}") = "you_do_it_1", "you_do_it_1\you_do_it_1.csproj", "{86132DAE-4E20-45F8-9158-E0CD7ACEB534}"
EndProject
Global
	GlobalSection(SolutionConfigurationPlatforms) = preSolution
		Debug|Any CPU = Debug|Any CPU
		Release|Any CPU = Release|Any CPU
	EndGlobalSection
	GlobalSection(ProjectConfigurationPlatforms) = postSolution
		{86132DAE-4E20-45F8-9158-E0CD7ACEB534}.Debug|Any CPU.ActiveCfg = Debug|Any CPU
		{86132DAE-4E20-45F8-9158-E0CD7ACEB534}.Debug|Any CPU.Build.0 = Debug|Any CPU
		{86132DAE-4E20-45F8-9158-E0CD7ACEB534}.Release|Any CPU.ActiveCfg = Release|Any CPU
		{86132DAE-4E20-45F8-9158-E0CD7ACEB534}.Release|Any CPU.Build.0 = Release|Any CPU
	EndGlobalSection
	GlobalSection(SolutionProperties) = preSolution
		HideSolutionNode = FALSE
	EndGlobalSection
	GlobalSection(ExtensibilityGlobals) = postSolution
		SolutionGuid = {49523B19-CC57-4343-A370-76578A8E0F6C}
	EndGlobalSection
EndGlobal
