
Microsoft Visual Studio Solution File, Format Version 12.00
# Visual Studio Version 16
VisualStudioVersion = 16.0.29521.150
MinimumVisualStudioVersion = 10.0.40219.1
Project("{FAE04EC0-301F-11D3-BF4B-00C04F79EFBC}") = "assignment 2", "assignment 2\assignment 2.csproj", "{24E40901-A1D1-4AB2-8616-4DE0EC40321E}"
EndProject
Global
	GlobalSection(SolutionConfigurationPlatforms) = preSolution
		Debug|Any CPU = Debug|Any CPU
		Release|Any CPU = Release|Any CPU
	EndGlobalSection
	GlobalSection(ProjectConfigurationPlatforms) = postSolution
		{24E40901-A1D1-4AB2-8616-4DE0EC40321E}.Debug|Any CPU.ActiveCfg = Debug|Any CPU
		{24E40901-A1D1-4AB2-8616-4DE0EC40321E}.Debug|Any CPU.Build.0 = Debug|Any CPU
		{24E40901-A1D1-4AB2-8616-4DE0EC40321E}.Release|Any CPU.ActiveCfg = Release|Any CPU
		{24E40901-A1D1-4AB2-8616-4DE0EC40321E}.Release|Any CPU.Build.0 = Release|Any CPU
	EndGlobalSection
	GlobalSection(SolutionProperties) = preSolution
		HideSolutionNode = FALSE
	EndGlobalSection
	GlobalSection(ExtensibilityGlobals) = postSolution
		SolutionGuid = {F13E4A39-BA5B-447E-8C6D-D190B37E3B5A}
	EndGlobalSection
EndGlobal
