
Microsoft Visual Studio Solution File, Format Version 12.00
# Visual Studio Version 16
VisualStudioVersion = 16.0.29926.136
MinimumVisualStudioVersion = 10.0.40219.1
Project("{FAE04EC0-301F-11D3-BF4B-00C04F79EFBC}") = "VehicleApp", "VehicleApp\VehicleApp.csproj", "{8BE0CBB5-13F3-4039-A7F1-6F7A3695617F}"
EndProject
Global
	GlobalSection(SolutionConfigurationPlatforms) = preSolution
		Debug|Any CPU = Debug|Any CPU
		Release|Any CPU = Release|Any CPU
	EndGlobalSection
	GlobalSection(ProjectConfigurationPlatforms) = postSolution
		{8BE0CBB5-13F3-4039-A7F1-6F7A3695617F}.Debug|Any CPU.ActiveCfg = Debug|Any CPU
		{8BE0CBB5-13F3-4039-A7F1-6F7A3695617F}.Debug|Any CPU.Build.0 = Debug|Any CPU
		{8BE0CBB5-13F3-4039-A7F1-6F7A3695617F}.Release|Any CPU.ActiveCfg = Release|Any CPU
		{8BE0CBB5-13F3-4039-A7F1-6F7A3695617F}.Release|Any CPU.Build.0 = Release|Any CPU
	EndGlobalSection
	GlobalSection(SolutionProperties) = preSolution
		HideSolutionNode = FALSE
	EndGlobalSection
	GlobalSection(ExtensibilityGlobals) = postSolution
		SolutionGuid = {B6929E25-AA40-4F6E-8E7F-E6B6658119E1}
	EndGlobalSection
EndGlobal
